
Microsoft Visual Studio Solution File, Format Version 12.00
# Visual Studio Version 17
VisualStudioVersion = 17.11.35303.130
MinimumVisualStudioVersion = 10.0.40219.1
Project("{FAE04EC0-301F-11D3-BF4B-00C04F79EFBC}") = "ADO.Net4", "ADO.Net4.csproj", "{48FED022-F0B1-44D3-8B34-FAAEAB5038C5}"
EndProject
Global
	GlobalSection(SolutionConfigurationPlatforms) = preSolution
		Debug|Any CPU = Debug|Any CPU
		Release|Any CPU = Release|Any CPU
	EndGlobalSection
	GlobalSection(ProjectConfigurationPlatforms) = postSolution
		{48FED022-F0B1-44D3-8B34-FAAEAB5038C5}.Debug|Any CPU.ActiveCfg = Debug|Any CPU
		{48FED022-F0B1-44D3-8B34-FAAEAB5038C5}.Debug|Any CPU.Build.0 = Debug|Any CPU
		{48FED022-F0B1-44D3-8B34-FAAEAB5038C5}.Release|Any CPU.ActiveCfg = Release|Any CPU
		{48FED022-F0B1-44D3-8B34-FAAEAB5038C5}.Release|Any CPU.Build.0 = Release|Any CPU
	EndGlobalSection
	GlobalSection(SolutionProperties) = preSolution
		HideSolutionNode = FALSE
	EndGlobalSection
	GlobalSection(ExtensibilityGlobals) = postSolution
		SolutionGuid = {FCF88F1D-7B71-4473-A3AE-13A7F1026184}
	EndGlobalSection
EndGlobal
